
Microsoft Visual Studio Solution File, Format Version 12.00
# Visual Studio Version 17
VisualStudioVersion = 17.9.34902.65
MinimumVisualStudioVersion = 10.0.40219.1
Project("{8BC9CEB8-8B4A-11D0-8D11-00A0C91BC942}") = "Project14", "Project14\Project14.vcxproj", "{4161D224-4BAE-4AD8-BC79-A3616F34B373}"
EndProject
Project("{8BC9CEB8-8B4A-11D0-8D11-00A0C91BC942}") = "Sample-Test1", "Sample-Test1\Sample-Test1.vcxproj", "{7685235D-061A-4309-BA9B-2E0BABA83CEF}"
EndProject
Global
	GlobalSection(SolutionConfigurationPlatforms) = preSolution
		Debug|x64 = Debug|x64
		Debug|x86 = Debug|x86
		Release|x64 = Release|x64
		Release|x86 = Release|x86
	EndGlobalSection
	GlobalSection(ProjectConfigurationPlatforms) = postSolution
		{4161D224-4BAE-4AD8-BC79-A3616F34B373}.Debug|x64.ActiveCfg = Debug|x64
		{4161D224-4BAE-4AD8-BC79-A3616F34B373}.Debug|x64.Build.0 = Debug|x64
		{4161D224-4BAE-4AD8-BC79-A3616F34B373}.Debug|x86.ActiveCfg = Debug|Win32
		{4161D224-4BAE-4AD8-BC79-A3616F34B373}.Debug|x86.Build.0 = Debug|Win32
		{4161D224-4BAE-4AD8-BC79-A3616F34B373}.Release|x64.ActiveCfg = Release|x64
		{4161D224-4BAE-4AD8-BC79-A3616F34B373}.Release|x64.Build.0 = Release|x64
		{4161D224-4BAE-4AD8-BC79-A3616F34B373}.Release|x86.ActiveCfg = Release|Win32
		{4161D224-4BAE-4AD8-BC79-A3616F34B373}.Release|x86.Build.0 = Release|Win32
		{7685235D-061A-4309-BA9B-2E0BABA83CEF}.Debug|x64.ActiveCfg = Debug|x64
		{7685235D-061A-4309-BA9B-2E0BABA83CEF}.Debug|x64.Build.0 = Debug|x64
		{7685235D-061A-4309-BA9B-2E0BABA83CEF}.Debug|x86.ActiveCfg = Debug|Win32
		{7685235D-061A-4309-BA9B-2E0BABA83CEF}.Debug|x86.Build.0 = Debug|Win32
		{7685235D-061A-4309-BA9B-2E0BABA83CEF}.Release|x64.ActiveCfg = Release|x64
		{7685235D-061A-4309-BA9B-2E0BABA83CEF}.Release|x64.Build.0 = Release|x64
		{7685235D-061A-4309-BA9B-2E0BABA83CEF}.Release|x86.ActiveCfg = Release|Win32
		{7685235D-061A-4309-BA9B-2E0BABA83CEF}.Release|x86.Build.0 = Release|Win32
	EndGlobalSection
	GlobalSection(SolutionProperties) = preSolution
		HideSolutionNode = FALSE
	EndGlobalSection
	GlobalSection(ExtensibilityGlobals) = postSolution
		SolutionGuid = {04B14A35-150E-4613-B277-754E058B46E0}
	EndGlobalSection
EndGlobal
